
Microsoft Visual Studio Solution File, Format Version 12.00
# Visual Studio Version 17
VisualStudioVersion = 17.0.31903.59
MinimumVisualStudioVersion = 10.0.40219.1
Project("{2150E333-8FDC-42A3-9474-1A3956D46DE8}") = "src", "src", "{827E0CD3-B72D-47B6-A68D-7590B98EB39B}"
EndProject
Project("{FAE04EC0-301F-11D3-BF4B-00C04F79EFBC}") = "Algorithms", "src\Algorithms\Algorithms.csproj", "{0B2F1BF2-415B-4EB7-90D1-FF6D4CC803EC}"
EndProject
Project("{2150E333-8FDC-42A3-9474-1A3956D46DE8}") = "tests", "tests", "{0AB3BF05-4346-4AA6-1389-037BE0695223}"
EndProject
Project("{FAE04EC0-301F-11D3-BF4B-00C04F79EFBC}") = "Algorithms.Tests", "tests\Algorithms.Tests\Algorithms.Tests.csproj", "{51BCA797-6802-4831-B5D3-4719E8BAFD20}"
EndProject
Project("{2150E333-8FDC-42A3-9474-1A3956D46DE8}") = "experiments", "experiments", "{8E1D1CCC-9289-C849-48CA-D7E099D02B6F}"
EndProject
Project("{FAE04EC0-301F-11D3-BF4B-00C04F79EFBC}") = "BigOExperiment", "experiments\BigOExperiment\BigOExperiment.csproj", "{4BFCDF15-B2BF-46B0-AA12-C92F8FF346F2}"
EndProject
Project("{FAE04EC0-301F-11D3-BF4B-00C04F79EFBC}") = "MoneyExperiment", "experiments\MoneyExperiment\MoneyExperiment.csproj", "{5A1C00A5-DBE5-422A-BD70-917EEA424A17}"
EndProject
Project("{FAE04EC0-301F-11D3-BF4B-00C04F79EFBC}") = "SortingExperiment", "experiments\SortingExperiment\SortingExperiment.csproj", "{160D7E14-E3FB-4D8A-9911-DE9C6DF08A40}"
EndProject
Project("{FAE04EC0-301F-11D3-BF4B-00C04F79EFBC}") = "InspectDouble", "experiments\InspectDouble\InspectDouble.csproj", "{2A54C561-136B-4B95-B50E-FB5D0F3227DB}"
EndProject
Global
	GlobalSection(SolutionConfigurationPlatforms) = preSolution
		Debug|Any CPU = Debug|Any CPU
		Release|Any CPU = Release|Any CPU
	EndGlobalSection
	GlobalSection(ProjectConfigurationPlatforms) = postSolution
		{0B2F1BF2-415B-4EB7-90D1-FF6D4CC803EC}.Debug|Any CPU.ActiveCfg = Debug|Any CPU
		{0B2F1BF2-415B-4EB7-90D1-FF6D4CC803EC}.Debug|Any CPU.Build.0 = Debug|Any CPU
		{0B2F1BF2-415B-4EB7-90D1-FF6D4CC803EC}.Release|Any CPU.ActiveCfg = Release|Any CPU
		{0B2F1BF2-415B-4EB7-90D1-FF6D4CC803EC}.Release|Any CPU.Build.0 = Release|Any CPU
		{51BCA797-6802-4831-B5D3-4719E8BAFD20}.Debug|Any CPU.ActiveCfg = Debug|Any CPU
		{51BCA797-6802-4831-B5D3-4719E8BAFD20}.Debug|Any CPU.Build.0 = Debug|Any CPU
		{51BCA797-6802-4831-B5D3-4719E8BAFD20}.Release|Any CPU.ActiveCfg = Release|Any CPU
		{51BCA797-6802-4831-B5D3-4719E8BAFD20}.Release|Any CPU.Build.0 = Release|Any CPU
		{4BFCDF15-B2BF-46B0-AA12-C92F8FF346F2}.Debug|Any CPU.ActiveCfg = Debug|Any CPU
		{4BFCDF15-B2BF-46B0-AA12-C92F8FF346F2}.Debug|Any CPU.Build.0 = Debug|Any CPU
		{4BFCDF15-B2BF-46B0-AA12-C92F8FF346F2}.Release|Any CPU.ActiveCfg = Release|Any CPU
		{4BFCDF15-B2BF-46B0-AA12-C92F8FF346F2}.Release|Any CPU.Build.0 = Release|Any CPU
		{5A1C00A5-DBE5-422A-BD70-917EEA424A17}.Debug|Any CPU.ActiveCfg = Debug|Any CPU
		{5A1C00A5-DBE5-422A-BD70-917EEA424A17}.Debug|Any CPU.Build.0 = Debug|Any CPU
		{5A1C00A5-DBE5-422A-BD70-917EEA424A17}.Release|Any CPU.ActiveCfg = Release|Any CPU
		{5A1C00A5-DBE5-422A-BD70-917EEA424A17}.Release|Any CPU.Build.0 = Release|Any CPU
		{160D7E14-E3FB-4D8A-9911-DE9C6DF08A40}.Debug|Any CPU.ActiveCfg = Debug|Any CPU
		{160D7E14-E3FB-4D8A-9911-DE9C6DF08A40}.Debug|Any CPU.Build.0 = Debug|Any CPU
		{160D7E14-E3FB-4D8A-9911-DE9C6DF08A40}.Release|Any CPU.ActiveCfg = Release|Any CPU
		{160D7E14-E3FB-4D8A-9911-DE9C6DF08A40}.Release|Any CPU.Build.0 = Release|Any CPU
		{2A54C561-136B-4B95-B50E-FB5D0F3227DB}.Debug|Any CPU.ActiveCfg = Debug|Any CPU
		{2A54C561-136B-4B95-B50E-FB5D0F3227DB}.Debug|Any CPU.Build.0 = Debug|Any CPU
		{2A54C561-136B-4B95-B50E-FB5D0F3227DB}.Release|Any CPU.ActiveCfg = Release|Any CPU
		{2A54C561-136B-4B95-B50E-FB5D0F3227DB}.Release|Any CPU.Build.0 = Release|Any CPU
	EndGlobalSection
	GlobalSection(SolutionProperties) = preSolution
		HideSolutionNode = FALSE
	EndGlobalSection
	GlobalSection(NestedProjects) = preSolution
		{0B2F1BF2-415B-4EB7-90D1-FF6D4CC803EC} = {827E0CD3-B72D-47B6-A68D-7590B98EB39B}
		{51BCA797-6802-4831-B5D3-4719E8BAFD20} = {0AB3BF05-4346-4AA6-1389-037BE0695223}
		{4BFCDF15-B2BF-46B0-AA12-C92F8FF346F2} = {8E1D1CCC-9289-C849-48CA-D7E099D02B6F}
		{5A1C00A5-DBE5-422A-BD70-917EEA424A17} = {8E1D1CCC-9289-C849-48CA-D7E099D02B6F}
		{160D7E14-E3FB-4D8A-9911-DE9C6DF08A40} = {8E1D1CCC-9289-C849-48CA-D7E099D02B6F}
		{2A54C561-136B-4B95-B50E-FB5D0F3227DB} = {8E1D1CCC-9289-C849-48CA-D7E099D02B6F}
	EndGlobalSection
EndGlobal
